
Microsoft Visual Studio Solution File, Format Version 12.00
# Visual Studio Version 17
VisualStudioVersion = 17.5.33516.290
MinimumVisualStudioVersion = 10.0.40219.1
Project("{2150E333-8FDC-42A3-9474-1A3956D46DE8}") = "src", "src", "{230DB005-2F11-4D7A-9BBB-258A18CE37C8}"
EndProject
Project("{2150E333-8FDC-42A3-9474-1A3956D46DE8}") = "Services", "Services", "{6FC1D7B3-66BC-434F-B0D7-A00A9B7AEB15}"
EndProject
Project("{2150E333-8FDC-42A3-9474-1A3956D46DE8}") = "BookCatalog", "BookCatalog", "{3AA6323C-F74F-496D-913D-F35546E3D9E8}"
EndProject
Project("{9A19103F-16F7-4668-BE54-9A1E7A4F7556}") = "BookCatalog.API", "src\Services\BookCatalog\BookCatalog.API\BookCatalog.API.csproj", "{C4D94E79-75BA-4385-9964-1F497474E530}"
EndProject
Project("{2150E333-8FDC-42A3-9474-1A3956D46DE8}") = "Identity", "Identity", "{A88B2305-57F4-4EF8-96B2-1512E5174A36}"
EndProject
Project("{9A19103F-16F7-4668-BE54-9A1E7A4F7556}") = "Identity.API", "src\Services\Identity\Identity.API\Identity.API.csproj", "{573788FC-D8CA-4FB5-84DA-285FA3D5751B}"
EndProject
Global
	GlobalSection(SolutionConfigurationPlatforms) = preSolution
		Debug|Any CPU = Debug|Any CPU
		Release|Any CPU = Release|Any CPU
	EndGlobalSection
	GlobalSection(ProjectConfigurationPlatforms) = postSolution
		{C4D94E79-75BA-4385-9964-1F497474E530}.Debug|Any CPU.ActiveCfg = Debug|Any CPU
		{C4D94E79-75BA-4385-9964-1F497474E530}.Debug|Any CPU.Build.0 = Debug|Any CPU
		{C4D94E79-75BA-4385-9964-1F497474E530}.Release|Any CPU.ActiveCfg = Release|Any CPU
		{C4D94E79-75BA-4385-9964-1F497474E530}.Release|Any CPU.Build.0 = Release|Any CPU
		{573788FC-D8CA-4FB5-84DA-285FA3D5751B}.Debug|Any CPU.ActiveCfg = Debug|Any CPU
		{573788FC-D8CA-4FB5-84DA-285FA3D5751B}.Debug|Any CPU.Build.0 = Debug|Any CPU
		{573788FC-D8CA-4FB5-84DA-285FA3D5751B}.Release|Any CPU.ActiveCfg = Release|Any CPU
		{573788FC-D8CA-4FB5-84DA-285FA3D5751B}.Release|Any CPU.Build.0 = Release|Any CPU
	EndGlobalSection
	GlobalSection(SolutionProperties) = preSolution
		HideSolutionNode = FALSE
	EndGlobalSection
	GlobalSection(NestedProjects) = preSolution
		{6FC1D7B3-66BC-434F-B0D7-A00A9B7AEB15} = {230DB005-2F11-4D7A-9BBB-258A18CE37C8}
		{3AA6323C-F74F-496D-913D-F35546E3D9E8} = {6FC1D7B3-66BC-434F-B0D7-A00A9B7AEB15}
		{C4D94E79-75BA-4385-9964-1F497474E530} = {3AA6323C-F74F-496D-913D-F35546E3D9E8}
		{A88B2305-57F4-4EF8-96B2-1512E5174A36} = {6FC1D7B3-66BC-434F-B0D7-A00A9B7AEB15}
		{573788FC-D8CA-4FB5-84DA-285FA3D5751B} = {A88B2305-57F4-4EF8-96B2-1512E5174A36}
	EndGlobalSection
	GlobalSection(ExtensibilityGlobals) = postSolution
		SolutionGuid = {66BB0C4C-2BFE-4A68-941A-530B0B9E2EB4}
	EndGlobalSection
EndGlobal
